
Microsoft Visual Studio Solution File, Format Version 12.00
# Visual Studio Version 17
VisualStudioVersion = 17.4.33213.308
MinimumVisualStudioVersion = 10.0.40219.1
Project("{8BC9CEB8-8B4A-11D0-8D11-00A0C91BC942}") = "RoadVisibilityUtility", "RoadVisibilityUtility.vcxproj", "{6AD70613-C824-42C9-8830-ACA66BE9A37E}"
EndProject
Project("{54435603-DBB4-11D2-8724-00A0C9A8B90C}") = "RoadVisibilityUtilitySetup", "..\RoadVisibilityUtilitySetup\RoadVisibilityUtilitySetup.vdproj", "{5D3E86B3-A1C3-41AA-BBB8-37A8DB1ABFA2}"
EndProject
Global
	GlobalSection(SolutionConfigurationPlatforms) = preSolution
		Debug|x64 = Debug|x64
		Debug|x86 = Debug|x86
		Release|x64 = Release|x64
		Release|x86 = Release|x86
	EndGlobalSection
	GlobalSection(ProjectConfigurationPlatforms) = postSolution
		{6AD70613-C824-42C9-8830-ACA66BE9A37E}.Debug|x64.ActiveCfg = Debug|x64
		{6AD70613-C824-42C9-8830-ACA66BE9A37E}.Debug|x64.Build.0 = Debug|x64
		{6AD70613-C824-42C9-8830-ACA66BE9A37E}.Debug|x86.ActiveCfg = Debug|Win32
		{6AD70613-C824-42C9-8830-ACA66BE9A37E}.Debug|x86.Build.0 = Debug|Win32
		{6AD70613-C824-42C9-8830-ACA66BE9A37E}.Release|x64.ActiveCfg = Release|x64
		{6AD70613-C824-42C9-8830-ACA66BE9A37E}.Release|x64.Build.0 = Release|x64
		{6AD70613-C824-42C9-8830-ACA66BE9A37E}.Release|x86.ActiveCfg = Release|Win32
		{6AD70613-C824-42C9-8830-ACA66BE9A37E}.Release|x86.Build.0 = Release|Win32
		{5D3E86B3-A1C3-41AA-BBB8-37A8DB1ABFA2}.Debug|x64.ActiveCfg = Debug
		{5D3E86B3-A1C3-41AA-BBB8-37A8DB1ABFA2}.Debug|x86.ActiveCfg = Debug
		{5D3E86B3-A1C3-41AA-BBB8-37A8DB1ABFA2}.Release|x64.ActiveCfg = Release
		{5D3E86B3-A1C3-41AA-BBB8-37A8DB1ABFA2}.Release|x64.Build.0 = Release
		{5D3E86B3-A1C3-41AA-BBB8-37A8DB1ABFA2}.Release|x86.ActiveCfg = Release
	EndGlobalSection
	GlobalSection(SolutionProperties) = preSolution
		HideSolutionNode = FALSE
	EndGlobalSection
	GlobalSection(ExtensibilityGlobals) = postSolution
		SolutionGuid = {D8069942-4D0D-4D21-8111-6C5E8C9E8E03}
	EndGlobalSection
EndGlobal
